// !$*UTF8*$!
{
	archiveVersion = 1;
	classes = {
	};
	objectVersion = 50;
	objects = {

/* Begin PBXBuildFile section */
		55D4E73B258A1FF50013F05B /* DetailViewRussian.swift in Sources */ = {isa = PBXBuildFile; fileRef = 55D4E73A258A1FF50013F05B /* DetailViewRussian.swift */; };
		55D4E73E258A20A30013F05B /* DetailViewBelarus.swift in Sources */ = {isa = PBXBuildFile; fileRef = 55D4E73D258A20A30013F05B /* DetailViewBelarus.swift */; };
		55D4E741258A20ED0013F05B /* DetailViewKazakhstan.swift in Sources */ = {isa = PBXBuildFile; fileRef = 55D4E740258A20ED0013F05B /* DetailViewKazakhstan.swift */; };
		55D6F8D52588A68600261295 /* CarCodeApp.swift in Sources */ = {isa = PBXBuildFile; fileRef = 55D6F8D42588A68600261295 /* CarCodeApp.swift */; };
		55D6F8D72588A68600261295 /* ContentView.swift in Sources */ = {isa = PBXBuildFile; fileRef = 55D6F8D62588A68600261295 /* ContentView.swift */; };
		55D6F8D92588A68900261295 /* Assets.xcassets in Resources */ = {isa = PBXBuildFile; fileRef = 55D6F8D82588A68900261295 /* Assets.xcassets */; };
		55D6F8DC2588A68900261295 /* Preview Assets.xcassets in Resources */ = {isa = PBXBuildFile; fileRef = 55D6F8DB2588A68900261295 /* Preview Assets.xcassets */; };
/* End PBXBuildFile section */

/* Begin PBXFileReference section */
		55D4E73A258A1FF50013F05B /* DetailViewRussian.swift */ = {isa = PBXFileReference; lastKnownFileType = sourcecode.swift; path = DetailViewRussian.swift; sourceTree = "<group>"; };
		55D4E73D258A20A30013F05B /* DetailViewBelarus.swift */ = {isa = PBXFileReference; lastKnownFileType = sourcecode.swift; path = DetailViewBelarus.swift; sourceTree = "<group>"; };
		55D4E740258A20ED0013F05B /* DetailViewKazakhstan.swift */ = {isa = PBXFileReference; lastKnownFileType = sourcecode.swift; path = DetailViewKazakhstan.swift; sourceTree = "<group>"; };
		55D6F8D12588A68600261295 /* CarCode.app */ = {isa = PBXFileReference; explicitFileType = wrapper.application; includeInIndex = 0; path = CarCode.app; sourceTree = BUILT_PRODUCTS_DIR; };
		55D6F8D42588A68600261295 /* CarCodeApp.swift */ = {isa = PBXFileReference; lastKnownFileType = sourcecode.swift; path = CarCodeApp.swift; sourceTree = "<group>"; };
		55D6F8D62588A68600261295 /* ContentView.swift */ = {isa = PBXFileReference; lastKnownFileType = sourcecode.swift; path = ContentView.swift; sourceTree = "<group>"; };
		55D6F8D82588A68900261295 /* Assets.xcassets */ = {isa = PBXFileReference; lastKnownFileType = folder.assetcatalog; path = Assets.xcassets; sourceTree = "<group>"; };
		55D6F8DB2588A68900261295 /* Preview Assets.xcassets */ = {isa = PBXFileReference; lastKnownFileType = folder.assetcatalog; path = "Preview Assets.xcassets"; sourceTree = "<group>"; };
		55D6F8DD2588A68900261295 /* Info.plist */ = {isa = PBXFileReference; lastKnownFileType = text.plist.xml; path = Info.plist; sourceTree = "<group>"; };
/* End PBXFileReference section */

/* Begin PBXFrameworksBuildPhase section */
		55D6F8CE2588A68600261295 /* Frameworks */ = {
			isa = PBXFrameworksBuildPhase;
			buildActionMask = 2147483647;
			files = (
			);
			runOnlyForDeploymentPostprocessing = 0;
		};
/* End PBXFrameworksBuildPhase section */

/* Begin PBXGroup section */
		55D4E738258A1F7A0013F05B /* Model */ = {
			isa = PBXGroup;
			children = (
				55D6F8D42588A68600261295 /* CarCodeApp.swift */,
				55D6F8D62588A68600261295 /* ContentView.swift */,
				55D4E73D258A20A30013F05B /* DetailViewBelarus.swift */,
				55D4E740258A20ED0013F05B /* DetailViewKazakhstan.swift */,
				55D4E73A258A1FF50013F05B /* DetailViewRussian.swift */,
			);
			path = Model;
			sourceTree = "<group>";
		};
		55D6F8C82588A68600261295 = {
			isa = PBXGroup;
			children = (
				55D6F8D32588A68600261295 /* CarCode */,
				55D6F8D22588A68600261295 /* Products */,
			);
			sourceTree = "<group>";
		};
		55D6F8D22588A68600261295 /* Products */ = {
			isa = PBXGroup;
			children = (
				55D6F8D12588A68600261295 /* CarCode.app */,
			);
			name = Products;
			sourceTree = "<group>";
		};
		55D6F8D32588A68600261295 /* CarCode */ = {
			isa = PBXGroup;
			children = (
				55D4E738258A1F7A0013F05B /* Model */,
				55D6F8D82588A68900261295 /* Assets.xcassets */,
				55D6F8DD2588A68900261295 /* Info.plist */,
				55D6F8DA2588A68900261295 /* Preview Content */,
			);
			path = CarCode;
			sourceTree = "<group>";
		};
		55D6F8DA2588A68900261295 /* Preview Content */ = {
			isa = PBXGroup;
			children = (
				55D6F8DB2588A68900261295 /* Preview Assets.xcassets */,
			);
			path = "Preview Content";
			sourceTree = "<group>";
		};
/* End PBXGroup section */

/* Begin PBXNativeTarget section */
		55D6F8D02588A68600261295 /* CarCode */ = {
			isa = PBXNativeTarget;
			buildConfigurationList = 55D6F8E02588A68900261295 /* Build configuration list for PBXNativeTarget "CarCode" */;
			buildPhases = (
				55D6F8CD2588A68600261295 /* Sources */,
				55D6F8CE2588A68600261295 /* Frameworks */,
				55D6F8CF2588A68600261295 /* Resources */,
			);
			buildRules = (
			);
			dependencies = (
			);
			name = CarCode;
			productName = CarCode;
			productReference = 55D6F8D12588A68600261295 /* CarCode.app */;
			productType = "com.apple.product-type.application";
		};
/* End PBXNativeTarget section */

/* Begin PBXProject section */
		55D6F8C92588A68600261295 /* Project object */ = {
			isa = PBXProject;
			attributes = {
				LastSwiftUpdateCheck = 1220;
				LastUpgradeCheck = 1220;
				TargetAttributes = {
					55D6F8D02588A68600261295 = {
						CreatedOnToolsVersion = 12.2;
					};
				};
			};
			buildConfigurationList = 55D6F8CC2588A68600261295 /* Build configuration list for PBXProject "CarCode" */;
			compatibilityVersion = "Xcode 9.3";
			developmentRegion = en;
			hasScannedForEncodings = 0;
			knownRegions = (
				en,
				Base,
			);
			mainGroup = 55D6F8C82588A68600261295;
			productRefGroup = 55D6F8D22588A68600261295 /* Products */;
			projectDirPath = "";
			projectRoot = "";
			targets = (
				55D6F8D02588A68600261295 /* CarCode */,
			);
		};
/* End PBXProject section */

/* Begin PBXResourcesBuildPhase section */
		55D6F8CF2588A68600261295 /* Resources */ = {
			isa = PBXResourcesBuildPhase;
			buildActionMask = 2147483647;
			files = (
				55D6F8DC2588A68900261295 /* Preview Assets.xcassets in Resources */,
				55D6F8D92588A68900261295 /* Assets.xcassets in Resources */,
			);
			runOnlyForDeploymentPostprocessing = 0;
		};
/* End PBXResourcesBuildPhase section */

/* Begin PBXSourcesBuildPhase section */
		55D6F8CD2588A68600261295 /* Sources */ = {
			isa = PBXSourcesBuildPhase;
			buildActionMask = 2147483647;
			files = (
				55D4E741258A20ED0013F05B /* DetailViewKazakhstan.swift in Sources */,
				55D6F8D72588A68600261295 /* ContentView.swift in Sources */,
				55D4E73B258A1FF50013F05B /* DetailViewRussian.swift in Sources */,
				55D4E73E258A20A30013F05B /* DetailViewBelarus.swift in Sources */,
				55D6F8D52588A68600261295 /* CarCodeApp.swift in Sources */,
			);
			runOnlyForDeploymentPostprocessing = 0;
		};
/* End PBXSourcesBuildPhase section */

/* Begin XCBuildConfiguration section */
		55D6F8DE2588A68900261295 /* Debug */ = {
			isa = XCBuildConfiguration;
			buildSettings = {
				ALWAYS_SEARCH_USER_PATHS = NO;
				CLANG_ANALYZER_NONNULL = YES;
				CLANG_ANALYZER_NUMBER_OBJECT_CONVERSION = YES_AGGRESSIVE;
				CLANG_CXX_LANGUAGE_STANDARD = "gnu++14";
				CLANG_CXX_LIBRARY = "libc++";
				CLANG_ENABLE_MODULES = YES;
				CLANG_ENABLE_OBJC_ARC = YES;
				CLANG_ENABLE_OBJC_WEAK = YES;
				CLANG_WARN_BLOCK_CAPTURE_AUTORELEASING = YES;
				CLANG_WARN_BOOL_CONVERSION = YES;
				CLANG_WARN_COMMA = YES;
				CLANG_WARN_CONSTANT_CONVERSION = YES;
				CLANG_WARN_DEPRECATED_OBJC_IMPLEMENTATIONS = YES;
				CLANG_WARN_DIRECT_OBJC_ISA_USAGE = YES_ERROR;
				CLANG_WARN_DOCUMENTATION_COMMENTS = YES;
				CLANG_WARN_EMPTY_BODY = YES;
				CLANG_WARN_ENUM_CONVERSION = YES;
				CLANG_WARN_INFINITE_RECURSION = YES;
				CLANG_WARN_INT_CONVERSION = YES;
				CLANG_WARN_NON_LITERAL_NULL_CONVERSION = YES;
				CLANG_WARN_OBJC_IMPLICIT_RETAIN_SELF = YES;
				CLANG_WARN_OBJC_LITERAL_CONVERSION = YES;
				CLANG_WARN_OBJC_ROOT_CLASS = YES_ERROR;
				CLANG_WARN_QUOTED_INCLUDE_IN_FRAMEWORK_HEADER = YES;
				CLANG_WARN_RANGE_LOOP_ANALYSIS = YES;
				CLANG_WARN_STRICT_PROTOTYPES = YES;
				CLANG_WARN_SUSPICIOUS_MOVE = YES;
				CLANG_WARN_UNGUARDED_AVAILABILITY = YES_AGGRESSIVE;
				CLANG_WARN_UNREACHABLE_CODE = YES;
				CLANG_WARN__DUPLICATE_METHOD_MATCH = YES;
				COPY_PHASE_STRIP = NO;
				DEBUG_INFORMATION_FORMAT = dwarf;
				ENABLE_STRICT_OBJC_MSGSEND = YES;
				ENABLE_TESTABILITY = YES;
				GCC_C_LANGUAGE_STANDARD = gnu11;
				GCC_DYNAMIC_NO_PIC = NO;
				GCC_NO_COMMON_BLOCKS = YES;
				GCC_OPTIMIZATION_LEVEL = 0;
				GCC_PREPROCESSOR_DEFINITIONS = (
					"DEBUG=1",
					"$(inherited)",
				);
				GCC_WARN_64_TO_32_BIT_CONVERSION = YES;
				GCC_WARN_ABOUT_RETURN_TYPE = YES_ERROR;
				GCC_WARN_UNDECLARED_SELECTOR = YES;
				GCC_WARN_UNINITIALIZED_AUTOS = YES_AGGRESSIVE;
				GCC_WARN_UNUSED_FUNCTION = YES;
				GCC_WARN_UNUSED_VARIABLE = YES;
				IPHONEOS_DEPLOYMENT_TARGET = 14.2;
				MTL_ENABLE_DEBUG_INFO = INCLUDE_SOURCE;
				MTL_FAST_MATH = YES;
				ONLY_ACTIVE_ARCH = YES;
				SDKROOT = iphoneos;
				SWIFT_ACTIVE_COMPILATION_CONDITIONS = DEBUG;
				SWIFT_OPTIMIZATION_LEVEL = "-Onone";
			};
			name = Debug;
		};
		55D6F8DF2588A68900261295 /* Release */ = {
			isa = XCBuildConfiguration;
			buildSettings = {
				ALWAYS_SEARCH_USER_PATHS = NO;
				CLANG_ANALYZER_NONNULL = YES;
				CLANG_ANALYZER_NUMBER_OBJECT_CONVERSION = YES_AGGRESSIVE;
				CLANG_CXX_LANGUAGE_STANDARD = "gnu++14";
				CLANG_CXX_LIBRARY = "libc++";
				CLANG_ENABLE_MODULES = YES;
				CLANG_ENABLE_OBJC_ARC = YES;
				CLANG_ENABLE_OBJC_WEAK = YES;
				CLANG_WARN_BLOCK_CAPTURE_AUTORELEASING = YES;
				CLANG_WARN_BOOL_CONVERSION = YES;
				CLANG_WARN_COMMA = YES;
				CLANG_WARN_CONSTANT_CONVERSION = YES;
				CLANG_WARN_DEPRECATED_OBJC_IMPLEMENTATIONS = YES;
				CLANG_WARN_DIRECT_OBJC_ISA_USAGE = YES_ERROR;
				CLANG_WARN_DOCUMENTATION_COMMENTS = YES;
				CLANG_WARN_EMPTY_BODY = YES;
				CLANG_WARN_ENUM_CONVERSION = YES;
				CLANG_WARN_INFINITE_RECURSION = YES;
				CLANG_WARN_INT_CONVERSION = YES;
				CLANG_WARN_NON_LITERAL_NULL_CONVERSION = YES;
				CLANG_WARN_OBJC_IMPLICIT_RETAIN_SELF = YES;
				CLANG_WARN_OBJC_LITERAL_CONVERSION = YES;
				CLANG_WARN_OBJC_ROOT_CLASS = YES_ERROR;
				CLANG_WARN_QUOTED_INCLUDE_IN_FRAMEWORK_HEADER = YES;
				CLANG_WARN_RANGE_LOOP_ANALYSIS = YES;
				CLANG_WARN_STRICT_PROTOTYPES = YES;
				CLANG_WARN_SUSPICIOUS_MOVE = YES;
				CLANG_WARN_UNGUARDED_AVAILABILITY = YES_AGGRESSIVE;
				CLANG_WARN_UNREACHABLE_CODE = YES;
				CLANG_WARN__DUPLICATE_METHOD_MATCH = YES;
				COPY_PHASE_STRIP = NO;
				DEBUG_INFORMATION_FORMAT = "dwarf-with-dsym";
				ENABLE_NS_ASSERTIONS = NO;
				ENABLE_STRICT_OBJC_MSGSEND = YES;
				GCC_C_LANGUAGE_STANDARD = gnu11;
				GCC_NO_COMMON_BLOCKS = YES;
				GCC_WARN_64_TO_32_BIT_CONVERSION = YES;
				GCC_WARN_ABOUT_RETURN_TYPE = YES_ERROR;
				GCC_WARN_UNDECLARED_SELECTOR = YES;
				GCC_WARN_UNINITIALIZED_AUTOS = YES_AGGRESSIVE;
				GCC_WARN_UNUSED_FUNCTION = YES;
				GCC_WARN_UNUSED_VARIABLE = YES;
				IPHONEOS_DEPLOYMENT_TARGET = 14.2;
				MTL_ENABLE_DEBUG_INFO = NO;
				MTL_FAST_MATH = YES;
				SDKROOT = iphoneos;
				SWIFT_COMPILATION_MODE = wholemodule;
				SWIFT_OPTIMIZATION_LEVEL = "-O";
				VALIDATE_PRODUCT = YES;
			};
			name = Release;
		};
		55D6F8E12588A68900261295 /* Debug */ = {
			isa = XCBuildConfiguration;
			buildSettings = {
				ASSETCATALOG_COMPILER_APPICON_NAME = AppIcon;
				ASSETCATALOG_COMPILER_GLOBAL_ACCENT_COLOR_NAME = AccentColor;
				CODE_SIGN_STYLE = Automatic;
				DEVELOPMENT_ASSET_PATHS = "\"CarCode/Preview Content\"";
				DEVELOPMENT_TEAM = 355BV899AN;
				ENABLE_PREVIEWS = YES;
				INFOPLIST_FILE = CarCode/Info.plist;
				IPHONEOS_DEPLOYMENT_TARGET = 14.0;
				LD_RUNPATH_SEARCH_PATHS = (
					"$(inherited)",
					"@executable_path/Frameworks",
				);
				PRODUCT_BUNDLE_IDENTIFIER = "Andrey-Kudryavtsev.CarCode";
				PRODUCT_NAME = "$(TARGET_NAME)";
				SWIFT_VERSION = 5.0;
				TARGETED_DEVICE_FAMILY = "1,2";
			};
			name = Debug;
		};
		55D6F8E22588A68900261295 /* Release */ = {
			isa = XCBuildConfiguration;
			buildSettings = {
				ASSETCATALOG_COMPILER_APPICON_NAME = AppIcon;
				ASSETCATALOG_COMPILER_GLOBAL_ACCENT_COLOR_NAME = AccentColor;
				CODE_SIGN_STYLE = Automatic;
				DEVELOPMENT_ASSET_PATHS = "\"CarCode/Preview Content\"";
				DEVELOPMENT_TEAM = 355BV899AN;
				ENABLE_PREVIEWS = YES;
				INFOPLIST_FILE = CarCode/Info.plist;
				IPHONEOS_DEPLOYMENT_TARGET = 14.0;
				LD_RUNPATH_SEARCH_PATHS = (
					"$(inherited)",
					"@executable_path/Frameworks",
				);
				PRODUCT_BUNDLE_IDENTIFIER = "Andrey-Kudryavtsev.CarCode";
				PRODUCT_NAME = "$(TARGET_NAME)";
				SWIFT_VERSION = 5.0;
				TARGETED_DEVICE_FAMILY = "1,2";
			};
			name = Release;
		};
/* End XCBuildConfiguration section */

/* Begin XCConfigurationList section */
		55D6F8CC2588A68600261295 /* Build configuration list for PBXProject "CarCode" */ = {
			isa = XCConfigurationList;
			buildConfigurations = (
				55D6F8DE2588A68900261295 /* Debug */,
				55D6F8DF2588A68900261295 /* Release */,
			);
			defaultConfigurationIsVisible = 0;
			defaultConfigurationName = Release;
		};
		55D6F8E02588A68900261295 /* Build configuration list for PBXNativeTarget "CarCode" */ = {
			isa = XCConfigurationList;
			buildConfigurations = (
				55D6F8E12588A68900261295 /* Debug */,
				55D6F8E22588A68900261295 /* Release */,
			);
			defaultConfigurationIsVisible = 0;
			defaultConfigurationName = Release;
		};
/* End XCConfigurationList section */
	};
	rootObject = 55D6F8C92588A68600261295 /* Project object */;
}
